Microsoft Visual Studio Solution File, Format Version 12.00
# Visual Studio Version 17
VisualStudioVersion = 17.5.2.0
MinimumVisualStudioVersion = 10.0.40219.1
Project("{FAE04EC0-301F-11D3-BF4B-00C04F79EFBC}") = "EurekaBack", "EurekaBack.csproj", "{82C87484-69F2-AC3D-A70C-ED044EF70A60}"
EndProject
Project("{FAE04EC0-301F-11D3-BF4B-00C04F79EFBC}") = "EurekaBack.Application", "EurekaBack.Application\EurekaBack.Application.csproj", "{14AF3120-989F-55C2-5A90-30D98C487038}"
EndProject
Project("{FAE04EC0-301F-11D3-BF4B-00C04F79EFBC}") = "EurekaBack.Domain", "EurekaBack.Domain\EurekaBack.Domain.csproj", "{EEC2D1D9-8F4D-AC2C-657F-969097C16BCF}"
EndProject
Project("{FAE04EC0-301F-11D3-BF4B-00C04F79EFBC}") = "EurekaBack.Infrastructure", "EurekaBack.Infrastructure\EurekaBack.Infrastructure.csproj", "{3202CC4C-94EC-8092-09B1-DF8101EF9438}"
EndProject
Global
	GlobalSection(SolutionConfigurationPlatforms) = preSolution
		Debug|Any CPU = Debug|Any CPU
		Release|Any CPU = Release|Any CPU
	EndGlobalSection
	GlobalSection(ProjectConfigurationPlatforms) = postSolution
		{82C87484-69F2-AC3D-A70C-ED044EF70A60}.Debug|Any CPU.ActiveCfg = Debug|Any CPU
		{82C87484-69F2-AC3D-A70C-ED044EF70A60}.Debug|Any CPU.Build.0 = Debug|Any CPU
		{82C87484-69F2-AC3D-A70C-ED044EF70A60}.Release|Any CPU.ActiveCfg = Release|Any CPU
		{82C87484-69F2-AC3D-A70C-ED044EF70A60}.Release|Any CPU.Build.0 = Release|Any CPU
		{14AF3120-989F-55C2-5A90-30D98C487038}.Debug|Any CPU.ActiveCfg = Debug|Any CPU
		{14AF3120-989F-55C2-5A90-30D98C487038}.Debug|Any CPU.Build.0 = Debug|Any CPU
		{14AF3120-989F-55C2-5A90-30D98C487038}.Release|Any CPU.ActiveCfg = Release|Any CPU
		{14AF3120-989F-55C2-5A90-30D98C487038}.Release|Any CPU.Build.0 = Release|Any CPU
		{EEC2D1D9-8F4D-AC2C-657F-969097C16BCF}.Debug|Any CPU.ActiveCfg = Debug|Any CPU
		{EEC2D1D9-8F4D-AC2C-657F-969097C16BCF}.Debug|Any CPU.Build.0 = Debug|Any CPU
		{EEC2D1D9-8F4D-AC2C-657F-969097C16BCF}.Release|Any CPU.ActiveCfg = Release|Any CPU
		{EEC2D1D9-8F4D-AC2C-657F-969097C16BCF}.Release|Any CPU.Build.0 = Release|Any CPU
		{3202CC4C-94EC-8092-09B1-DF8101EF9438}.Debug|Any CPU.ActiveCfg = Debug|Any CPU
		{3202CC4C-94EC-8092-09B1-DF8101EF9438}.Debug|Any CPU.Build.0 = Debug|Any CPU
		{3202CC4C-94EC-8092-09B1-DF8101EF9438}.Release|Any CPU.ActiveCfg = Release|Any CPU
		{3202CC4C-94EC-8092-09B1-DF8101EF9438}.Release|Any CPU.Build.0 = Release|Any CPU
	EndGlobalSection
	GlobalSection(SolutionProperties) = preSolution
		HideSolutionNode = FALSE
	EndGlobalSection
	GlobalSection(ExtensibilityGlobals) = postSolution
		SolutionGuid = {C2298CBF-0506-41B0-A742-BDC8C10F9084}
	EndGlobalSection
EndGlobal
